
Microsoft Visual Studio Solution File, Format Version 12.00
# Visual Studio Version 17
VisualStudioVersion = 17.11.35327.3
MinimumVisualStudioVersion = 10.0.40219.1
Project("{FAE04EC0-301F-11D3-BF4B-00C04F79EFBC}") = "OrderApi.Domain", "OrderApi.Domain\OrderApi.Domain.csproj", "{3FEF267B-B9CC-4EC7-991E-684D06900257}"
EndProject
Project("{FAE04EC0-301F-11D3-BF4B-00C04F79EFBC}") = "OrderApi.Infrastructure", "OrderApi.Infrastructure\OrderApi.Infrastructure.csproj", "{7FFDD859-939D-4E29-9D72-D0428A43726A}"
EndProject
Project("{FAE04EC0-301F-11D3-BF4B-00C04F79EFBC}") = "OrderApi.Application", "OrderApi.Application\OrderApi.Application.csproj", "{6E54A4C6-70C4-4F3D-BCB4-5574851D43C9}"
EndProject
Project("{FAE04EC0-301F-11D3-BF4B-00C04F79EFBC}") = "OrderApi.Presentation", "OrderApi.Presentation\OrderApi.Presentation.csproj", "{E3EFC97A-3A08-4E28-A429-E38E0230E50C}"
EndProject
Project("{9A19103F-16F7-4668-BE54-9A1E7A4F7556}") = "eCommerce.SharedLibrary", "..\eCommerce.SharedLibrary\eCommerce.SharedLibrary\eCommerce.SharedLibrary.csproj", "{D188E924-C30F-4B0F-9E8E-F50823660F0B}"
EndProject
Global
	GlobalSection(SolutionConfigurationPlatforms) = preSolution
		Debug|Any CPU = Debug|Any CPU
		Release|Any CPU = Release|Any CPU
	EndGlobalSection
	GlobalSection(ProjectConfigurationPlatforms) = postSolution
		{3FEF267B-B9CC-4EC7-991E-684D06900257}.Debug|Any CPU.ActiveCfg = Debug|Any CPU
		{3FEF267B-B9CC-4EC7-991E-684D06900257}.Debug|Any CPU.Build.0 = Debug|Any CPU
		{3FEF267B-B9CC-4EC7-991E-684D06900257}.Release|Any CPU.ActiveCfg = Release|Any CPU
		{3FEF267B-B9CC-4EC7-991E-684D06900257}.Release|Any CPU.Build.0 = Release|Any CPU
		{7FFDD859-939D-4E29-9D72-D0428A43726A}.Debug|Any CPU.ActiveCfg = Debug|Any CPU
		{7FFDD859-939D-4E29-9D72-D0428A43726A}.Debug|Any CPU.Build.0 = Debug|Any CPU
		{7FFDD859-939D-4E29-9D72-D0428A43726A}.Release|Any CPU.ActiveCfg = Release|Any CPU
		{7FFDD859-939D-4E29-9D72-D0428A43726A}.Release|Any CPU.Build.0 = Release|Any CPU
		{6E54A4C6-70C4-4F3D-BCB4-5574851D43C9}.Debug|Any CPU.ActiveCfg = Debug|Any CPU
		{6E54A4C6-70C4-4F3D-BCB4-5574851D43C9}.Debug|Any CPU.Build.0 = Debug|Any CPU
		{6E54A4C6-70C4-4F3D-BCB4-5574851D43C9}.Release|Any CPU.ActiveCfg = Release|Any CPU
		{6E54A4C6-70C4-4F3D-BCB4-5574851D43C9}.Release|Any CPU.Build.0 = Release|Any CPU
		{E3EFC97A-3A08-4E28-A429-E38E0230E50C}.Debug|Any CPU.ActiveCfg = Debug|Any CPU
		{E3EFC97A-3A08-4E28-A429-E38E0230E50C}.Debug|Any CPU.Build.0 = Debug|Any CPU
		{E3EFC97A-3A08-4E28-A429-E38E0230E50C}.Release|Any CPU.ActiveCfg = Release|Any CPU
		{E3EFC97A-3A08-4E28-A429-E38E0230E50C}.Release|Any CPU.Build.0 = Release|Any CPU
		{D188E924-C30F-4B0F-9E8E-F50823660F0B}.Debug|Any CPU.ActiveCfg = Debug|Any CPU
		{D188E924-C30F-4B0F-9E8E-F50823660F0B}.Debug|Any CPU.Build.0 = Debug|Any CPU
		{D188E924-C30F-4B0F-9E8E-F50823660F0B}.Release|Any CPU.ActiveCfg = Release|Any CPU
		{D188E924-C30F-4B0F-9E8E-F50823660F0B}.Release|Any CPU.Build.0 = Release|Any CPU
	EndGlobalSection
	GlobalSection(SolutionProperties) = preSolution
		HideSolutionNode = FALSE
	EndGlobalSection
	GlobalSection(ExtensibilityGlobals) = postSolution
		SolutionGuid = {CA4E7693-B624-48C9-BEA4-4DCB62C1008B}
	EndGlobalSection
EndGlobal
